{
  "version": "3",
  "redirects": {
    "https://unpkg.com/highlight.js@11.9.0/es/languages/bash": "https://unpkg.com/highlight.js@11.9.0/es/languages/bash.js",
    "https://unpkg.com/highlight.js@11.9.0/es/languages/c": "https://unpkg.com/highlight.js@11.9.0/es/languages/c.js",
    "https://unpkg.com/highlight.js@11.9.0/es/languages/css": "https://unpkg.com/highlight.js@11.9.0/es/languages/css.js",
    "https://unpkg.com/highlight.js@11.9.0/es/languages/haskell": "https://unpkg.com/highlight.js@11.9.0/es/languages/haskell.js",
    "https://unpkg.com/highlight.js@11.9.0/es/languages/javascript": "https://unpkg.com/highlight.js@11.9.0/es/languages/javascript.js",
    "https://unpkg.com/highlight.js@11.9.0/es/languages/json": "https://unpkg.com/highlight.js@11.9.0/es/languages/json.js",
    "https://unpkg.com/highlight.js@11.9.0/es/languages/markdown": "https://unpkg.com/highlight.js@11.9.0/es/languages/markdown.js",
    "https://unpkg.com/highlight.js@11.9.0/es/languages/sql": "https://unpkg.com/highlight.js@11.9.0/es/languages/sql.js",
    "https://unpkg.com/highlight.js@11.9.0/es/languages/typescript": "https://unpkg.com/highlight.js@11.9.0/es/languages/typescript.js",
    "https://unpkg.com/highlight.js@11.9.0/es/languages/xml": "https://unpkg.com/highlight.js@11.9.0/es/languages/xml.js",
    "https://unpkg.com/highlight.js@11.9.0/es/languages/yaml": "https://unpkg.com/highlight.js@11.9.0/es/languages/yaml.js"
  },
  "remote": {},
  "workspace": {
    "packageJson": {
      "dependencies": [
        "npm:@survivejs/components@^0.2.0",
        "npm:antwar-rss-plugin@^0.21.0",
        "npm:antwar@^0.21.1",
        "npm:autoprefixer@^7.2.3",
        "npm:babel-core@^6.26.0",
        "npm:babel-eslint@^8.1.2",
        "npm:babel-loader@^7.1.2",
        "npm:babel-plugin-emotion@^8.0.12",
        "npm:babel-plugin-syntax-object-rest-spread@^6.13.0",
        "npm:babel-plugin-transform-object-rest-spread@^6.26.0",
        "npm:babel-plugin-transform-react-remove-prop-types@^0.4.12",
        "npm:babel-preset-es2015@^6.24.1",
        "npm:babel-preset-react-hmre@^1.1.1",
        "npm:babel-preset-react@^6.24.1",
        "npm:cloudflare4@^0.2.5",
        "npm:copy-webpack-plugin@^4.6.0",
        "npm:css-loader@^0.28.7",
        "npm:emotion@^8.0.12",
        "npm:eslint-config-prettier@^2.9.0",
        "npm:eslint-plugin-prettier@^2.4.0",
        "npm:eslint@^4.14.0",
        "npm:express@^4.16.2",
        "npm:extract-text-webpack-plugin@^3.0.2",
        "npm:file-loader@^1.1.6",
        "npm:front-matter@^2.3.0",
        "npm:gh-pages@^1.1.0",
        "npm:husky@^0.14.3",
        "npm:hyperlink@^3.0.1",
        "npm:illuminate-js@^1.0.0-alpha.1",
        "npm:json-loader@^0.5.7",
        "npm:loader-utils@^1.1.0",
        "npm:lodash@^4.17.19",
        "npm:marked@^0.3.9",
        "npm:moment@^2.20.1",
        "npm:node-sass@^4.12.0",
        "npm:postcss-loader@^2.0.9",
        "npm:prettier@^2.0.5",
        "npm:raw-loader@^0.5.1",
        "npm:react-emotion@^8.0.12",
        "npm:react-router-dom@^4.2.2",
        "npm:react-router@^4.2.0",
        "npm:react@^16.2.0",
        "npm:remove-markdown@^0.2.2",
        "npm:rimraf@^2.6.3",
        "npm:sass-loader@^6.0.6",
        "npm:serve-static@^1.13.1",
        "npm:sitemap-static@^0.4.2",
        "npm:style-loader@^0.19.1",
        "npm:tamia-theme@^0.1.0",
        "npm:title-case@^2.1.1",
        "npm:url-loader@^0.6.2",
        "npm:webpack-dev-server@^2.9.7",
        "npm:webpack-merge@^4.1.1",
        "npm:webpack@^3.10.0"
      ]
    }
  }
}
